// !$*UTF8*$!
{
	archiveVersion = 1;
	classes = {
	};
	objectVersion = 56;
	objects = {

/* Begin PBXBuildFile section */
		CC585B0B2C779DBC00A66548 /* avl.c in Sources */ = {isa = PBXBuildFile; fileRef = CC585B082C779DBC00A66548 /* avl.c */; };
		CC585B0C2C779DBC00A66548 /* bt.c in Sources */ = {isa = PBXBuildFile; fileRef = CC585B0A2C779DBC00A66548 /* bt.c */; };
		CC585B0F2C779DE000A66548 /* hash.c in Sources */ = {isa = PBXBuildFile; fileRef = CC585B0E2C779DE000A66548 /* hash.c */; };
		CCA118442C77A981009779E3 /* tests.c in Sources */ = {isa = PBXBuildFile; fileRef = CCA118432C77A981009779E3 /* tests.c */; };
		CCC9F3552C751D0E0022F036 /* main.c in Sources */ = {isa = PBXBuildFile; fileRef = CCC9F3542C751D0E0022F036 /* main.c */; };
/* End PBXBuildFile section */

/* Begin PBXCopyFilesBuildPhase section */
		CCC9F34F2C751D0E0022F036 /* CopyFiles */ = {
			isa = PBXCopyFilesBuildPhase;
			buildActionMask = 2147483647;
			dstPath = /usr/share/man/man1/;
			dstSubfolderSpec = 0;
			files = (
			);
			runOnlyForDeploymentPostprocessing = 1;
		};
/* End PBXCopyFilesBuildPhase section */

/* Begin PBXFileReference section */
		CC585B072C779DBC00A66548 /* avl.h */ = {isa = PBXFileReference; fileEncoding = 4; lastKnownFileType = sourcecode.c.h; path = avl.h; sourceTree = "<group>"; };
		CC585B082C779DBC00A66548 /* avl.c */ = {isa = PBXFileReference; fileEncoding = 4; lastKnownFileType = sourcecode.c.c; path = avl.c; sourceTree = "<group>"; };
		CC585B092C779DBC00A66548 /* bt.h */ = {isa = PBXFileReference; fileEncoding = 4; lastKnownFileType = sourcecode.c.h; path = bt.h; sourceTree = "<group>"; };
		CC585B0A2C779DBC00A66548 /* bt.c */ = {isa = PBXFileReference; fileEncoding = 4; lastKnownFileType = sourcecode.c.c; path = bt.c; sourceTree = "<group>"; };
		CC585B0D2C779DE000A66548 /* hash.h */ = {isa = PBXFileReference; lastKnownFileType = sourcecode.c.h; path = hash.h; sourceTree = "<group>"; };
		CC585B0E2C779DE000A66548 /* hash.c */ = {isa = PBXFileReference; lastKnownFileType = sourcecode.c.c; path = hash.c; sourceTree = "<group>"; };
		CCA118422C77A981009779E3 /* tests.h */ = {isa = PBXFileReference; lastKnownFileType = sourcecode.c.h; path = tests.h; sourceTree = "<group>"; };
		CCA118432C77A981009779E3 /* tests.c */ = {isa = PBXFileReference; lastKnownFileType = sourcecode.c.c; path = tests.c; sourceTree = "<group>"; };
		CCC9F3512C751D0E0022F036 /* estrutura-de-dados-2 */ = {isa = PBXFileReference; explicitFileType = "compiled.mach-o.executable"; includeInIndex = 0; path = "estrutura-de-dados-2"; sourceTree = BUILT_PRODUCTS_DIR; };
		CCC9F3542C751D0E0022F036 /* main.c */ = {isa = PBXFileReference; lastKnownFileType = sourcecode.c.c; path = main.c; sourceTree = "<group>"; };
/* End PBXFileReference section */

/* Begin PBXFrameworksBuildPhase section */
		CCC9F34E2C751D0E0022F036 /* Frameworks */ = {
			isa = PBXFrameworksBuildPhase;
			buildActionMask = 2147483647;
			files = (
			);
			runOnlyForDeploymentPostprocessing = 0;
		};
/* End PBXFrameworksBuildPhase section */

/* Begin PBXGroup section */
		CCA118402C77A948009779E3 /* fontes */ = {
			isa = PBXGroup;
			children = (
				CC585B082C779DBC00A66548 /* avl.c */,
				CC585B072C779DBC00A66548 /* avl.h */,
				CC585B0A2C779DBC00A66548 /* bt.c */,
				CC585B092C779DBC00A66548 /* bt.h */,
				CCC9F3542C751D0E0022F036 /* main.c */,
				CC585B0D2C779DE000A66548 /* hash.h */,
				CC585B0E2C779DE000A66548 /* hash.c */,
				CCA118422C77A981009779E3 /* tests.h */,
				CCA118432C77A981009779E3 /* tests.c */,
			);
			path = fontes;
			sourceTree = "<group>";
		};
		CCA118412C77A95A009779E3 /* graficos */ = {
			isa = PBXGroup;
			children = (
			);
			path = graficos;
			sourceTree = "<group>";
		};
		CCC9F3482C751D0D0022F036 = {
			isa = PBXGroup;
			children = (
				CCC9F3532C751D0E0022F036 /* estrutura-de-dados-2 */,
				CCC9F3522C751D0E0022F036 /* Products */,
			);
			sourceTree = "<group>";
		};
		CCC9F3522C751D0E0022F036 /* Products */ = {
			isa = PBXGroup;
			children = (
				CCC9F3512C751D0E0022F036 /* estrutura-de-dados-2 */,
			);
			name = Products;
			sourceTree = "<group>";
		};
		CCC9F3532C751D0E0022F036 /* estrutura-de-dados-2 */ = {
			isa = PBXGroup;
			children = (
				CCA118412C77A95A009779E3 /* graficos */,
				CCA118402C77A948009779E3 /* fontes */,
			);
			path = "estrutura-de-dados-2";
			sourceTree = "<group>";
		};
/* End PBXGroup section */

/* Begin PBXNativeTarget section */
		CCC9F3502C751D0E0022F036 /* estrutura-de-dados-2 */ = {
			isa = PBXNativeTarget;
			buildConfigurationList = CCC9F3582C751D0E0022F036 /* Build configuration list for PBXNativeTarget "estrutura-de-dados-2" */;
			buildPhases = (
				CCC9F34D2C751D0E0022F036 /* Sources */,
				CCC9F34E2C751D0E0022F036 /* Frameworks */,
				CCC9F34F2C751D0E0022F036 /* CopyFiles */,
			);
			buildRules = (
			);
			dependencies = (
			);
			name = "estrutura-de-dados-2";
			productName = "estrutura-de-dados-2";
			productReference = CCC9F3512C751D0E0022F036 /* estrutura-de-dados-2 */;
			productType = "com.apple.product-type.tool";
		};
/* End PBXNativeTarget section */

/* Begin PBXProject section */
		CCC9F3492C751D0D0022F036 /* Project object */ = {
			isa = PBXProject;
			attributes = {
				BuildIndependentTargetsInParallel = 1;
				LastUpgradeCheck = 1540;
				TargetAttributes = {
					CCC9F3502C751D0E0022F036 = {
						CreatedOnToolsVersion = 15.4;
					};
				};
			};
			buildConfigurationList = CCC9F34C2C751D0D0022F036 /* Build configuration list for PBXProject "estrutura-de-dados-2" */;
			compatibilityVersion = "Xcode 14.0";
			developmentRegion = en;
			hasScannedForEncodings = 0;
			knownRegions = (
				en,
				Base,
			);
			mainGroup = CCC9F3482C751D0D0022F036;
			productRefGroup = CCC9F3522C751D0E0022F036 /* Products */;
			projectDirPath = "";
			projectRoot = "";
			targets = (
				CCC9F3502C751D0E0022F036 /* estrutura-de-dados-2 */,
			);
		};
/* End PBXProject section */

/* Begin PBXSourcesBuildPhase section */
		CCC9F34D2C751D0E0022F036 /* Sources */ = {
			isa = PBXSourcesBuildPhase;
			buildActionMask = 2147483647;
			files = (
				CCA118442C77A981009779E3 /* tests.c in Sources */,
				CCC9F3552C751D0E0022F036 /* main.c in Sources */,
				CC585B0C2C779DBC00A66548 /* bt.c in Sources */,
				CC585B0B2C779DBC00A66548 /* avl.c in Sources */,
				CC585B0F2C779DE000A66548 /* hash.c in Sources */,
			);
			runOnlyForDeploymentPostprocessing = 0;
		};
/* End PBXSourcesBuildPhase section */

/* Begin XCBuildConfiguration section */
		CCC9F3562C751D0E0022F036 /* Debug */ = {
			isa = XCBuildConfiguration;
			buildSettings = {
				ALWAYS_SEARCH_USER_PATHS = NO;
				ASSETCATALOG_COMPILER_GENERATE_SWIFT_ASSET_SYMBOL_EXTENSIONS = YES;
				CLANG_ANALYZER_NONNULL = YES;
				CLANG_ANALYZER_NUMBER_OBJECT_CONVERSION = YES_AGGRESSIVE;
				CLANG_CXX_LANGUAGE_STANDARD = "gnu++20";
				CLANG_ENABLE_MODULES = YES;
				CLANG_ENABLE_OBJC_ARC = YES;
				CLANG_ENABLE_OBJC_WEAK = YES;
				CLANG_WARN_BLOCK_CAPTURE_AUTORELEASING = YES;
				CLANG_WARN_BOOL_CONVERSION = YES;
				CLANG_WARN_COMMA = YES;
				CLANG_WARN_CONSTANT_CONVERSION = YES;
				CLANG_WARN_DEPRECATED_OBJC_IMPLEMENTATIONS = YES;
				CLANG_WARN_DIRECT_OBJC_ISA_USAGE = YES_ERROR;
				CLANG_WARN_DOCUMENTATION_COMMENTS = YES;
				CLANG_WARN_EMPTY_BODY = YES;
				CLANG_WARN_ENUM_CONVERSION = YES;
				CLANG_WARN_INFINITE_RECURSION = YES;
				CLANG_WARN_INT_CONVERSION = YES;
				CLANG_WARN_NON_LITERAL_NULL_CONVERSION = YES;
				CLANG_WARN_OBJC_IMPLICIT_RETAIN_SELF = YES;
				CLANG_WARN_OBJC_LITERAL_CONVERSION = YES;
				CLANG_WARN_OBJC_ROOT_CLASS = YES_ERROR;
				CLANG_WARN_QUOTED_INCLUDE_IN_FRAMEWORK_HEADER = YES;
				CLANG_WARN_RANGE_LOOP_ANALYSIS = YES;
				CLANG_WARN_STRICT_PROTOTYPES = YES;
				CLANG_WARN_SUSPICIOUS_MOVE = YES;
				CLANG_WARN_UNGUARDED_AVAILABILITY = YES_AGGRESSIVE;
				CLANG_WARN_UNREACHABLE_CODE = YES;
				CLANG_WARN__DUPLICATE_METHOD_MATCH = YES;
				COPY_PHASE_STRIP = NO;
				DEBUG_INFORMATION_FORMAT = dwarf;
				ENABLE_STRICT_OBJC_MSGSEND = YES;
				ENABLE_TESTABILITY = YES;
				ENABLE_USER_SCRIPT_SANDBOXING = YES;
				GCC_C_LANGUAGE_STANDARD = gnu17;
				GCC_DYNAMIC_NO_PIC = NO;
				GCC_NO_COMMON_BLOCKS = YES;
				GCC_OPTIMIZATION_LEVEL = 0;
				GCC_PREPROCESSOR_DEFINITIONS = (
					"DEBUG=1",
					"$(inherited)",
				);
				GCC_WARN_64_TO_32_BIT_CONVERSION = YES;
				GCC_WARN_ABOUT_RETURN_TYPE = YES_ERROR;
				GCC_WARN_UNDECLARED_SELECTOR = YES;
				GCC_WARN_UNINITIALIZED_AUTOS = YES_AGGRESSIVE;
				GCC_WARN_UNUSED_FUNCTION = YES;
				GCC_WARN_UNUSED_VARIABLE = YES;
				LOCALIZATION_PREFERS_STRING_CATALOGS = YES;
				MACOSX_DEPLOYMENT_TARGET = 14.5;
				MTL_ENABLE_DEBUG_INFO = INCLUDE_SOURCE;
				MTL_FAST_MATH = YES;
				ONLY_ACTIVE_ARCH = YES;
				SDKROOT = macosx;
			};
			name = Debug;
		};
		CCC9F3572C751D0E0022F036 /* Release */ = {
			isa = XCBuildConfiguration;
			buildSettings = {
				ALWAYS_SEARCH_USER_PATHS = NO;
				ASSETCATALOG_COMPILER_GENERATE_SWIFT_ASSET_SYMBOL_EXTENSIONS = YES;
				CLANG_ANALYZER_NONNULL = YES;
				CLANG_ANALYZER_NUMBER_OBJECT_CONVERSION = YES_AGGRESSIVE;
				CLANG_CXX_LANGUAGE_STANDARD = "gnu++20";
				CLANG_ENABLE_MODULES = YES;
				CLANG_ENABLE_OBJC_ARC = YES;
				CLANG_ENABLE_OBJC_WEAK = YES;
				CLANG_WARN_BLOCK_CAPTURE_AUTORELEASING = YES;
				CLANG_WARN_BOOL_CONVERSION = YES;
				CLANG_WARN_COMMA = YES;
				CLANG_WARN_CONSTANT_CONVERSION = YES;
				CLANG_WARN_DEPRECATED_OBJC_IMPLEMENTATIONS = YES;
				CLANG_WARN_DIRECT_OBJC_ISA_USAGE = YES_ERROR;
				CLANG_WARN_DOCUMENTATION_COMMENTS = YES;
				CLANG_WARN_EMPTY_BODY = YES;
				CLANG_WARN_ENUM_CONVERSION = YES;
				CLANG_WARN_INFINITE_RECURSION = YES;
				CLANG_WARN_INT_CONVERSION = YES;
				CLANG_WARN_NON_LITERAL_NULL_CONVERSION = YES;
				CLANG_WARN_OBJC_IMPLICIT_RETAIN_SELF = YES;
				CLANG_WARN_OBJC_LITERAL_CONVERSION = YES;
				CLANG_WARN_OBJC_ROOT_CLASS = YES_ERROR;
				CLANG_WARN_QUOTED_INCLUDE_IN_FRAMEWORK_HEADER = YES;
				CLANG_WARN_RANGE_LOOP_ANALYSIS = YES;
				CLANG_WARN_STRICT_PROTOTYPES = YES;
				CLANG_WARN_SUSPICIOUS_MOVE = YES;
				CLANG_WARN_UNGUARDED_AVAILABILITY = YES_AGGRESSIVE;
				CLANG_WARN_UNREACHABLE_CODE = YES;
				CLANG_WARN__DUPLICATE_METHOD_MATCH = YES;
				COPY_PHASE_STRIP = NO;
				DEBUG_INFORMATION_FORMAT = "dwarf-with-dsym";
				ENABLE_NS_ASSERTIONS = NO;
				ENABLE_STRICT_OBJC_MSGSEND = YES;
				ENABLE_USER_SCRIPT_SANDBOXING = YES;
				GCC_C_LANGUAGE_STANDARD = gnu17;
				GCC_NO_COMMON_BLOCKS = YES;
				GCC_WARN_64_TO_32_BIT_CONVERSION = YES;
				GCC_WARN_ABOUT_RETURN_TYPE = YES_ERROR;
				GCC_WARN_UNDECLARED_SELECTOR = YES;
				GCC_WARN_UNINITIALIZED_AUTOS = YES_AGGRESSIVE;
				GCC_WARN_UNUSED_FUNCTION = YES;
				GCC_WARN_UNUSED_VARIABLE = YES;
				LOCALIZATION_PREFERS_STRING_CATALOGS = YES;
				MACOSX_DEPLOYMENT_TARGET = 14.5;
				MTL_ENABLE_DEBUG_INFO = NO;
				MTL_FAST_MATH = YES;
				SDKROOT = macosx;
			};
			name = Release;
		};
		CCC9F3592C751D0E0022F036 /* Debug */ = {
			isa = XCBuildConfiguration;
			buildSettings = {
				CODE_SIGN_STYLE = Automatic;
				DEVELOPMENT_TEAM = G5VVBGL99L;
				ENABLE_HARDENED_RUNTIME = YES;
				PRODUCT_NAME = "$(TARGET_NAME)";
			};
			name = Debug;
		};
		CCC9F35A2C751D0E0022F036 /* Release */ = {
			isa = XCBuildConfiguration;
			buildSettings = {
				CODE_SIGN_STYLE = Automatic;
				DEVELOPMENT_TEAM = G5VVBGL99L;
				ENABLE_HARDENED_RUNTIME = YES;
				PRODUCT_NAME = "$(TARGET_NAME)";
			};
			name = Release;
		};
/* End XCBuildConfiguration section */

/* Begin XCConfigurationList section */
		CCC9F34C2C751D0D0022F036 /* Build configuration list for PBXProject "estrutura-de-dados-2" */ = {
			isa = XCConfigurationList;
			buildConfigurations = (
				CCC9F3562C751D0E0022F036 /* Debug */,
				CCC9F3572C751D0E0022F036 /* Release */,
			);
			defaultConfigurationIsVisible = 0;
			defaultConfigurationName = Release;
		};
		CCC9F3582C751D0E0022F036 /* Build configuration list for PBXNativeTarget "estrutura-de-dados-2" */ = {
			isa = XCConfigurationList;
			buildConfigurations = (
				CCC9F3592C751D0E0022F036 /* Debug */,
				CCC9F35A2C751D0E0022F036 /* Release */,
			);
			defaultConfigurationIsVisible = 0;
			defaultConfigurationName = Release;
		};
/* End XCConfigurationList section */
	};
	rootObject = CCC9F3492C751D0D0022F036 /* Project object */;
}
